
Microsoft Visual Studio Solution File, Format Version 12.00
# Visual Studio Version 17
VisualStudioVersion = 17.14.37411.7
MinimumVisualStudioVersion = 10.0.40219.1
Project("{FAE04EC0-301F-11D3-BF4B-00C04F79EFBC}") = "MyToDoList", "MyToDoList\MyToDoList.csproj", "{588B0128-D16B-42DF-9354-9E49629B7AFF}"
EndProject
Project("{FAE04EC0-301F-11D3-BF4B-00C04F79EFBC}") = "MyToDoList.Tests", "MyToDoList.Tests\MyToDoList.Tests.csproj", "{7AEF8429-055B-4E01-AB88-B9235BF7D458}"
EndProject
Global
	GlobalSection(SolutionConfigurationPlatforms) = preSolution
		Debug|Any CPU = Debug|Any CPU
		Debug|x64 = Debug|x64
		Debug|x86 = Debug|x86
		Release|Any CPU = Release|Any CPU
		Release|x64 = Release|x64
		Release|x86 = Release|x86
	EndGlobalSection
	GlobalSection(ProjectConfigurationPlatforms) = postSolution
		{588B0128-D16B-42DF-9354-9E49629B7AFF}.Debug|Any CPU.ActiveCfg = Debug|Any CPU
		{588B0128-D16B-42DF-9354-9E49629B7AFF}.Debug|Any CPU.Build.0 = Debug|Any CPU
		{588B0128-D16B-42DF-9354-9E49629B7AFF}.Debug|x64.ActiveCfg = Debug|Any CPU
		{588B0128-D16B-42DF-9354-9E49629B7AFF}.Debug|x64.Build.0 = Debug|Any CPU
		{588B0128-D16B-42DF-9354-9E49629B7AFF}.Debug|x86.ActiveCfg = Debug|Any CPU
		{588B0128-D16B-42DF-9354-9E49629B7AFF}.Debug|x86.Build.0 = Debug|Any CPU
		{588B0128-D16B-42DF-9354-9E49629B7AFF}.Release|Any CPU.ActiveCfg = Release|Any CPU
		{588B0128-D16B-42DF-9354-9E49629B7AFF}.Release|Any CPU.Build.0 = Release|Any CPU
		{588B0128-D16B-42DF-9354-9E49629B7AFF}.Release|x64.ActiveCfg = Release|Any CPU
		{588B0128-D16B-42DF-9354-9E49629B7AFF}.Release|x64.Build.0 = Release|Any CPU
		{588B0128-D16B-42DF-9354-9E49629B7AFF}.Release|x86.ActiveCfg = Release|Any CPU
		{588B0128-D16B-42DF-9354-9E49629B7AFF}.Release|x86.Build.0 = Release|Any CPU
		{7AEF8429-055B-4E01-AB88-B9235BF7D458}.Debug|Any CPU.ActiveCfg = Debug|Any CPU
		{7AEF8429-055B-4E01-AB88-B9235BF7D458}.Debug|Any CPU.Build.0 = Debug|Any CPU
		{7AEF8429-055B-4E01-AB88-B9235BF7D458}.Debug|x64.ActiveCfg = Debug|Any CPU
		{7AEF8429-055B-4E01-AB88-B9235BF7D458}.Debug|x64.Build.0 = Debug|Any CPU
		{7AEF8429-055B-4E01-AB88-B9235BF7D458}.Debug|x86.ActiveCfg = Debug|Any CPU
		{7AEF8429-055B-4E01-AB88-B9235BF7D458}.Debug|x86.Build.0 = Debug|Any CPU
		{7AEF8429-055B-4E01-AB88-B9235BF7D458}.Release|Any CPU.ActiveCfg = Release|Any CPU
		{7AEF8429-055B-4E01-AB88-B9235BF7D458}.Release|Any CPU.Build.0 = Release|Any CPU
		{7AEF8429-055B-4E01-AB88-B9235BF7D458}.Release|x64.ActiveCfg = Release|Any CPU
		{7AEF8429-055B-4E01-AB88-B9235BF7D458}.Release|x64.Build.0 = Release|Any CPU
		{7AEF8429-055B-4E01-AB88-B9235BF7D458}.Release|x86.ActiveCfg = Release|Any CPU
		{7AEF8429-055B-4E01-AB88-B9235BF7D458}.Release|x86.Build.0 = Release|Any CPU
	EndGlobalSection
	GlobalSection(SolutionProperties) = preSolution
		HideSolutionNode = FALSE
	EndGlobalSection
	GlobalSection(ExtensibilityGlobals) = postSolution
		SolutionGuid = {3D366DDA-2804-442D-A925-1419E9A15827}
	EndGlobalSection
EndGlobal
